
Microsoft Visual Studio Solution File, Format Version 12.00
# Visual Studio 2013
VisualStudioVersion = 12.0.21005.1
MinimumVisualStudioVersion = 10.0.40219.1
Project("{2150E333-8FDC-42A3-9474-1A3956D46DE8}") = "Common", "Common", "{55064879-8F62-4B74-8B4D-24F0A1C62240}"
EndProject
Project("{FAE04EC0-301F-11D3-BF4B-00C04F79EFBC}") = "Database", "Database\Database.csproj", "{EFE0342F-8CBA-4572-85AC-94BD7D6B7515}"
EndProject
Project("{2150E333-8FDC-42A3-9474-1A3956D46DE8}") = "Managment", "Managment", "{1E61B1BC-FA53-49B9-A07A-1CB8093290FD}"
EndProject
Project("{2150E333-8FDC-42A3-9474-1A3956D46DE8}") = "Pipeline", "Pipeline", "{D19BF69E-403A-4433-A7C9-501A1617B191}"
EndProject
Project("{2150E333-8FDC-42A3-9474-1A3956D46DE8}") = "WebUI", "WebUI", "{CB96839A-44EB-4055-BE3F-1F58FF38D3A0}"
EndProject
Project("{2150E333-8FDC-42A3-9474-1A3956D46DE8}") = "SelfServiceClient", "SelfServiceClient", "{5C165D7F-CE68-4257-AEA5-370E9FE54A3A}"
EndProject
Project("{2150E333-8FDC-42A3-9474-1A3956D46DE8}") = "SDK", "SDK", "{3CB399A4-2C55-4200-BFC9-AE56C702BDDA}"
EndProject
Project("{2150E333-8FDC-42A3-9474-1A3956D46DE8}") = "WPF", "WPF", "{101D7ED6-DBF0-4796-A9A7-19307A3EF1F3}"
EndProject
Project("{FAE04EC0-301F-11D3-BF4B-00C04F79EFBC}") = "CloudClassWPF", "CloudClassWPF\CloudClassWPF.csproj", "{DC8D2341-5DCA-44A2-9C02-302C25ED3CFA}"
EndProject
Project("{2150E333-8FDC-42A3-9474-1A3956D46DE8}") = "GUI", "GUI", "{8F4F3307-87CA-4319-AE63-8EC590B808BB}"
EndProject
Project("{FAE04EC0-301F-11D3-BF4B-00C04F79EFBC}") = "CloudClassForms", "CloudClassForms\CloudClassForms.csproj", "{2C04C970-657B-407A-A1C9-90711807C79A}"
EndProject
Project("{FAE04EC0-301F-11D3-BF4B-00C04F79EFBC}") = "Orchestration", "Orchestration\Orchestration.csproj", "{510D18F7-186E-4374-A0AE-2A5F0DA402DC}"
EndProject
Project("{CC5FD16D-436D-48AD-A40C-5A424C6E3E79}") = "ClassCloudWebUI", "ClassCloudWebUI\ClassCloudWebUI.ccproj", "{B48C57AA-AE81-413B-91C0-49D0A9E59023}"
EndProject
Project("{FAE04EC0-301F-11D3-BF4B-00C04F79EFBC}") = "ClassCloudWebRole", "ClassCloudWebRole\ClassCloudWebRole.csproj", "{86815406-6003-4E22-9151-1D2AADE19777}"
EndProject
Project("{FAE04EC0-301F-11D3-BF4B-00C04F79EFBC}") = "ClientActions", "ClientActions\ClientActions.csproj", "{EA7361FA-39B4-4192-B21E-065018E3F9D3}"
EndProject
Project("{FAE04EC0-301F-11D3-BF4B-00C04F79EFBC}") = "PipelineManagment", "PipelineManagment\PipelineManagment.csproj", "{189C44C4-2700-4A66-B37F-B2A6716DFFCC}"
EndProject
Project("{FAE04EC0-301F-11D3-BF4B-00C04F79EFBC}") = "CSBlobStorage", "ClassLibrary1\CSBlobStorage.csproj", "{925C3201-63F6-4BE5-9375-257D6DF12C0D}"
EndProject
Global
	GlobalSection(SolutionConfigurationPlatforms) = preSolution
		Debug|Any CPU = Debug|Any CPU
		Release|Any CPU = Release|Any CPU
	EndGlobalSection
	GlobalSection(ProjectConfigurationPlatforms) = postSolution
		{EFE0342F-8CBA-4572-85AC-94BD7D6B7515}.Debug|Any CPU.ActiveCfg = Debug|Any CPU
		{EFE0342F-8CBA-4572-85AC-94BD7D6B7515}.Debug|Any CPU.Build.0 = Debug|Any CPU
		{EFE0342F-8CBA-4572-85AC-94BD7D6B7515}.Release|Any CPU.ActiveCfg = Release|Any CPU
		{EFE0342F-8CBA-4572-85AC-94BD7D6B7515}.Release|Any CPU.Build.0 = Release|Any CPU
		{DC8D2341-5DCA-44A2-9C02-302C25ED3CFA}.Debug|Any CPU.ActiveCfg = Debug|Any CPU
		{DC8D2341-5DCA-44A2-9C02-302C25ED3CFA}.Debug|Any CPU.Build.0 = Debug|Any CPU
		{DC8D2341-5DCA-44A2-9C02-302C25ED3CFA}.Release|Any CPU.ActiveCfg = Release|Any CPU
		{DC8D2341-5DCA-44A2-9C02-302C25ED3CFA}.Release|Any CPU.Build.0 = Release|Any CPU
		{2C04C970-657B-407A-A1C9-90711807C79A}.Debug|Any CPU.ActiveCfg = Debug|Any CPU
		{2C04C970-657B-407A-A1C9-90711807C79A}.Debug|Any CPU.Build.0 = Debug|Any CPU
		{2C04C970-657B-407A-A1C9-90711807C79A}.Release|Any CPU.ActiveCfg = Release|Any CPU
		{2C04C970-657B-407A-A1C9-90711807C79A}.Release|Any CPU.Build.0 = Release|Any CPU
		{510D18F7-186E-4374-A0AE-2A5F0DA402DC}.Debug|Any CPU.ActiveCfg = Debug|Any CPU
		{510D18F7-186E-4374-A0AE-2A5F0DA402DC}.Debug|Any CPU.Build.0 = Debug|Any CPU
		{510D18F7-186E-4374-A0AE-2A5F0DA402DC}.Release|Any CPU.ActiveCfg = Release|Any CPU
		{510D18F7-186E-4374-A0AE-2A5F0DA402DC}.Release|Any CPU.Build.0 = Release|Any CPU
		{B48C57AA-AE81-413B-91C0-49D0A9E59023}.Debug|Any CPU.ActiveCfg = Debug|Any CPU
		{B48C57AA-AE81-413B-91C0-49D0A9E59023}.Debug|Any CPU.Build.0 = Debug|Any CPU
		{B48C57AA-AE81-413B-91C0-49D0A9E59023}.Release|Any CPU.ActiveCfg = Release|Any CPU
		{B48C57AA-AE81-413B-91C0-49D0A9E59023}.Release|Any CPU.Build.0 = Release|Any CPU
		{86815406-6003-4E22-9151-1D2AADE19777}.Debug|Any CPU.ActiveCfg = Debug|Any CPU
		{86815406-6003-4E22-9151-1D2AADE19777}.Debug|Any CPU.Build.0 = Debug|Any CPU
		{86815406-6003-4E22-9151-1D2AADE19777}.Release|Any CPU.ActiveCfg = Release|Any CPU
		{86815406-6003-4E22-9151-1D2AADE19777}.Release|Any CPU.Build.0 = Release|Any CPU
		{EA7361FA-39B4-4192-B21E-065018E3F9D3}.Debug|Any CPU.ActiveCfg = Debug|Any CPU
		{EA7361FA-39B4-4192-B21E-065018E3F9D3}.Debug|Any CPU.Build.0 = Debug|Any CPU
		{EA7361FA-39B4-4192-B21E-065018E3F9D3}.Release|Any CPU.ActiveCfg = Release|Any CPU
		{EA7361FA-39B4-4192-B21E-065018E3F9D3}.Release|Any CPU.Build.0 = Release|Any CPU
		{189C44C4-2700-4A66-B37F-B2A6716DFFCC}.Debug|Any CPU.ActiveCfg = Debug|Any CPU
		{189C44C4-2700-4A66-B37F-B2A6716DFFCC}.Debug|Any CPU.Build.0 = Debug|Any CPU
		{189C44C4-2700-4A66-B37F-B2A6716DFFCC}.Release|Any CPU.ActiveCfg = Release|Any CPU
		{189C44C4-2700-4A66-B37F-B2A6716DFFCC}.Release|Any CPU.Build.0 = Release|Any CPU
		{925C3201-63F6-4BE5-9375-257D6DF12C0D}.Debug|Any CPU.ActiveCfg = Debug|Any CPU
		{925C3201-63F6-4BE5-9375-257D6DF12C0D}.Debug|Any CPU.Build.0 = Debug|Any CPU
		{925C3201-63F6-4BE5-9375-257D6DF12C0D}.Release|Any CPU.ActiveCfg = Release|Any CPU
		{925C3201-63F6-4BE5-9375-257D6DF12C0D}.Release|Any CPU.Build.0 = Release|Any CPU
	EndGlobalSection
	GlobalSection(SolutionProperties) = preSolution
		HideSolutionNode = FALSE
	EndGlobalSection
	GlobalSection(NestedProjects) = preSolution
		{EFE0342F-8CBA-4572-85AC-94BD7D6B7515} = {55064879-8F62-4B74-8B4D-24F0A1C62240}
		{925C3201-63F6-4BE5-9375-257D6DF12C0D} = {55064879-8F62-4B74-8B4D-24F0A1C62240}
		{D19BF69E-403A-4433-A7C9-501A1617B191} = {1E61B1BC-FA53-49B9-A07A-1CB8093290FD}
		{CB96839A-44EB-4055-BE3F-1F58FF38D3A0} = {1E61B1BC-FA53-49B9-A07A-1CB8093290FD}
		{510D18F7-186E-4374-A0AE-2A5F0DA402DC} = {D19BF69E-403A-4433-A7C9-501A1617B191}
		{189C44C4-2700-4A66-B37F-B2A6716DFFCC} = {D19BF69E-403A-4433-A7C9-501A1617B191}
		{B48C57AA-AE81-413B-91C0-49D0A9E59023} = {CB96839A-44EB-4055-BE3F-1F58FF38D3A0}
		{86815406-6003-4E22-9151-1D2AADE19777} = {CB96839A-44EB-4055-BE3F-1F58FF38D3A0}
		{3CB399A4-2C55-4200-BFC9-AE56C702BDDA} = {5C165D7F-CE68-4257-AEA5-370E9FE54A3A}
		{101D7ED6-DBF0-4796-A9A7-19307A3EF1F3} = {5C165D7F-CE68-4257-AEA5-370E9FE54A3A}
		{8F4F3307-87CA-4319-AE63-8EC590B808BB} = {5C165D7F-CE68-4257-AEA5-370E9FE54A3A}
		{EA7361FA-39B4-4192-B21E-065018E3F9D3} = {3CB399A4-2C55-4200-BFC9-AE56C702BDDA}
		{DC8D2341-5DCA-44A2-9C02-302C25ED3CFA} = {101D7ED6-DBF0-4796-A9A7-19307A3EF1F3}
		{2C04C970-657B-407A-A1C9-90711807C79A} = {8F4F3307-87CA-4319-AE63-8EC590B808BB}
	EndGlobalSection
EndGlobal
